// !$*UTF8*$!
{
	archiveVersion = 1;
	classes = {
	};
	objectVersion = 50;
	objects = {

/* Begin PBXBuildFile section */
		0AA267DD20B9A7FC00DC5B20 /* AppDelegate.swift in Sources */ = {isa = PBXBuildFile; fileRef = 0AA267DC20B9A7FC00DC5B20 /* AppDelegate.swift */; };
		0AA267DF20B9A7FC00DC5B20 /* ViewController.swift in Sources */ = {isa = PBXBuildFile; fileRef = 0AA267DE20B9A7FC00DC5B20 /* ViewController.swift */; };
		0AA267E220B9A7FC00DC5B20 /* Main.storyboard in Resources */ = {isa = PBXBuildFile; fileRef = 0AA267E020B9A7FC00DC5B20 /* Main.storyboard */; };
		0AA267E420B9A7FD00DC5B20 /* Assets.xcassets in Resources */ = {isa = PBXBuildFile; fileRef = 0AA267E320B9A7FD00DC5B20 /* Assets.xcassets */; };
		0AA267E720B9A7FD00DC5B20 /* LaunchScreen.storyboard in Resources */ = {isa = PBXBuildFile; fileRef = 0AA267E520B9A7FD00DC5B20 /* LaunchScreen.storyboard */; };
		0AA267EF20B9B6DB00DC5B20 /* APIManager.swift in Sources */ = {isa = PBXBuildFile; fileRef = 0AA267EE20B9B6DB00DC5B20 /* APIManager.swift */; };
		0AA267F120B9CBB700DC5B20 /* CommentsViewController.swift in Sources */ = {isa = PBXBuildFile; fileRef = 0AA267F020B9CBB700DC5B20 /* CommentsViewController.swift */; };
		0AA267F320B9CBCF00DC5B20 /* UsersViewController.swift in Sources */ = {isa = PBXBuildFile; fileRef = 0AA267F220B9CBCF00DC5B20 /* UsersViewController.swift */; };
		1422C98626018C287F1AE800 /* Pods_ExampleCocoaPods.framework in Frameworks */ = {isa = PBXBuildFile; fileRef = A6C6C17459018D37A6F40D86 /* Pods_ExampleCocoaPods.framework */; };
/* End PBXBuildFile section */

/* Begin PBXFileReference section */
		0AA267D920B9A7FC00DC5B20 /* ExampleCocoaPods.app */ = {isa = PBXFileReference; explicitFileType = wrapper.application; includeInIndex = 0; path = ExampleCocoaPods.app; sourceTree = BUILT_PRODUCTS_DIR; };
		0AA267DC20B9A7FC00DC5B20 /* AppDelegate.swift */ = {isa = PBXFileReference; lastKnownFileType = sourcecode.swift; path = AppDelegate.swift; sourceTree = "<group>"; };
		0AA267DE20B9A7FC00DC5B20 /* ViewController.swift */ = {isa = PBXFileReference; lastKnownFileType = sourcecode.swift; path = ViewController.swift; sourceTree = "<group>"; };
		0AA267E120B9A7FC00DC5B20 /* Base */ = {isa = PBXFileReference; lastKnownFileType = file.storyboard; name = Base; path = Base.lproj/Main.storyboard; sourceTree = "<group>"; };
		0AA267E320B9A7FD00DC5B20 /* Assets.xcassets */ = {isa = PBXFileReference; lastKnownFileType = folder.assetcatalog; path = Assets.xcassets; sourceTree = "<group>"; };
		0AA267E620B9A7FD00DC5B20 /* Base */ = {isa = PBXFileReference; lastKnownFileType = file.storyboard; name = Base; path = Base.lproj/LaunchScreen.storyboard; sourceTree = "<group>"; };
		0AA267E820B9A7FD00DC5B20 /* Info.plist */ = {isa = PBXFileReference; lastKnownFileType = text.plist.xml; path = Info.plist; sourceTree = "<group>"; };
		0AA267EE20B9B6DB00DC5B20 /* APIManager.swift */ = {isa = PBXFileReference; lastKnownFileType = sourcecode.swift; path = APIManager.swift; sourceTree = "<group>"; };
		0AA267F020B9CBB700DC5B20 /* CommentsViewController.swift */ = {isa = PBXFileReference; lastKnownFileType = sourcecode.swift; path = CommentsViewController.swift; sourceTree = "<group>"; };
		0AA267F220B9CBCF00DC5B20 /* UsersViewController.swift */ = {isa = PBXFileReference; lastKnownFileType = sourcecode.swift; path = UsersViewController.swift; sourceTree = "<group>"; };
		4A3FF57002E31200DAD40272 /* Pods-ExampleCocoaPods.release.xcconfig */ = {isa = PBXFileReference; includeInIndex = 1; lastKnownFileType = text.xcconfig; name = "Pods-ExampleCocoaPods.release.xcconfig"; path = "Pods/Target Support Files/Pods-ExampleCocoaPods/Pods-ExampleCocoaPods.release.xcconfig"; sourceTree = "<group>"; };
		97AD307B97DB9C3DB071646B /* Pods-ExampleCocoaPods.debug.xcconfig */ = {isa = PBXFileReference; includeInIndex = 1; lastKnownFileType = text.xcconfig; name = "Pods-ExampleCocoaPods.debug.xcconfig"; path = "Pods/Target Support Files/Pods-ExampleCocoaPods/Pods-ExampleCocoaPods.debug.xcconfig"; sourceTree = "<group>"; };
		A6C6C17459018D37A6F40D86 /* Pods_ExampleCocoaPods.framework */ = {isa = PBXFileReference; explicitFileType = wrapper.framework; includeInIndex = 0; path = Pods_ExampleCocoaPods.framework; sourceTree = BUILT_PRODUCTS_DIR; };
/* End PBXFileReference section */

/* Begin PBXFrameworksBuildPhase section */
		0AA267D620B9A7FC00DC5B20 /* Frameworks */ = {
			isa = PBXFrameworksBuildPhase;
			buildActionMask = 2147483647;
			files = (
				1422C98626018C287F1AE800 /* Pods_ExampleCocoaPods.framework in Frameworks */,
			);
			runOnlyForDeploymentPostprocessing = 0;
		};
/* End PBXFrameworksBuildPhase section */

/* Begin PBXGroup section */
		0AA267D020B9A7FB00DC5B20 = {
			isa = PBXGroup;
			children = (
				0AA267DB20B9A7FC00DC5B20 /* ExampleCocoaPods */,
				0AA267DA20B9A7FC00DC5B20 /* Products */,
				410279C261D42440BA4A1B23 /* Pods */,
				A0812BA2FBF7A01C0F3EE7DB /* Frameworks */,
			);
			sourceTree = "<group>";
		};
		0AA267DA20B9A7FC00DC5B20 /* Products */ = {
			isa = PBXGroup;
			children = (
				0AA267D920B9A7FC00DC5B20 /* ExampleCocoaPods.app */,
			);
			name = Products;
			sourceTree = "<group>";
		};
		0AA267DB20B9A7FC00DC5B20 /* ExampleCocoaPods */ = {
			isa = PBXGroup;
			children = (
				0AA267DC20B9A7FC00DC5B20 /* AppDelegate.swift */,
				0AA267DE20B9A7FC00DC5B20 /* ViewController.swift */,
				0AA267E020B9A7FC00DC5B20 /* Main.storyboard */,
				0AA267E320B9A7FD00DC5B20 /* Assets.xcassets */,
				0AA267E520B9A7FD00DC5B20 /* LaunchScreen.storyboard */,
				0AA267E820B9A7FD00DC5B20 /* Info.plist */,
				0AA267EE20B9B6DB00DC5B20 /* APIManager.swift */,
				0AA267F020B9CBB700DC5B20 /* CommentsViewController.swift */,
				0AA267F220B9CBCF00DC5B20 /* UsersViewController.swift */,
			);
			path = ExampleCocoaPods;
			sourceTree = "<group>";
		};
		410279C261D42440BA4A1B23 /* Pods */ = {
			isa = PBXGroup;
			children = (
				97AD307B97DB9C3DB071646B /* Pods-ExampleCocoaPods.debug.xcconfig */,
				4A3FF57002E31200DAD40272 /* Pods-ExampleCocoaPods.release.xcconfig */,
			);
			name = Pods;
			sourceTree = "<group>";
		};
		A0812BA2FBF7A01C0F3EE7DB /* Frameworks */ = {
			isa = PBXGroup;
			children = (
				A6C6C17459018D37A6F40D86 /* Pods_ExampleCocoaPods.framework */,
			);
			name = Frameworks;
			sourceTree = "<group>";
		};
/* End PBXGroup section */

/* Begin PBXNativeTarget section */
		0AA267D820B9A7FC00DC5B20 /* ExampleCocoaPods */ = {
			isa = PBXNativeTarget;
			buildConfigurationList = 0AA267EB20B9A7FD00DC5B20 /* Build configuration list for PBXNativeTarget "ExampleCocoaPods" */;
			buildPhases = (
				3365367E688D208442F57BAD /* [CP] Check Pods Manifest.lock */,
				0AA267D520B9A7FC00DC5B20 /* Sources */,
				0AA267D620B9A7FC00DC5B20 /* Frameworks */,
				0AA267D720B9A7FC00DC5B20 /* Resources */,
				20673FDD7B1B052778B3836D /* [CP] Embed Pods Frameworks */,
			);
			buildRules = (
			);
			dependencies = (
			);
			name = ExampleCocoaPods;
			productName = ExampleCocoaPods;
			productReference = 0AA267D920B9A7FC00DC5B20 /* ExampleCocoaPods.app */;
			productType = "com.apple.product-type.application";
		};
/* End PBXNativeTarget section */

/* Begin PBXProject section */
		0AA267D120B9A7FB00DC5B20 /* Project object */ = {
			isa = PBXProject;
			attributes = {
				LastSwiftUpdateCheck = 0930;
				LastUpgradeCheck = 0930;
				ORGANIZATIONNAME = "Technical PC";
				TargetAttributes = {
					0AA267D820B9A7FC00DC5B20 = {
						CreatedOnToolsVersion = 9.3;
					};
				};
			};
			buildConfigurationList = 0AA267D420B9A7FB00DC5B20 /* Build configuration list for PBXProject "ExampleCocoaPods" */;
			compatibilityVersion = "Xcode 9.3";
			developmentRegion = en;
			hasScannedForEncodings = 0;
			knownRegions = (
				en,
				Base,
			);
			mainGroup = 0AA267D020B9A7FB00DC5B20;
			productRefGroup = 0AA267DA20B9A7FC00DC5B20 /* Products */;
			projectDirPath = "";
			projectRoot = "";
			targets = (
				0AA267D820B9A7FC00DC5B20 /* ExampleCocoaPods */,
			);
		};
/* End PBXProject section */

/* Begin PBXResourcesBuildPhase section */
		0AA267D720B9A7FC00DC5B20 /* Resources */ = {
			isa = PBXResourcesBuildPhase;
			buildActionMask = 2147483647;
			files = (
				0AA267E720B9A7FD00DC5B20 /* LaunchScreen.storyboard in Resources */,
				0AA267E420B9A7FD00DC5B20 /* Assets.xcassets in Resources */,
				0AA267E220B9A7FC00DC5B20 /* Main.storyboard in Resources */,
			);
			runOnlyForDeploymentPostprocessing = 0;
		};
/* End PBXResourcesBuildPhase section */

/* Begin PBXShellScriptBuildPhase section */
		20673FDD7B1B052778B3836D /* [CP] Embed Pods Frameworks */ = {
			isa = PBXShellScriptBuildPhase;
			buildActionMask = 2147483647;
			files = (
			);
			inputPaths = (
				"${SRCROOT}/Pods/Target Support Files/Pods-ExampleCocoaPods/Pods-ExampleCocoaPods-frameworks.sh",
				"${BUILT_PRODUCTS_DIR}/SVProgressHUD/SVProgressHUD.framework",
				"${BUILT_PRODUCTS_DIR}/SwiftyJSON/SwiftyJSON.framework",
			);
			name = "[CP] Embed Pods Frameworks";
			outputPaths = (
				"${TARGET_BUILD_DIR}/${FRAMEWORKS_FOLDER_PATH}/SVProgressHUD.framework",
				"${TARGET_BUILD_DIR}/${FRAMEWORKS_FOLDER_PATH}/SwiftyJSON.framework",
			);
			runOnlyForDeploymentPostprocessing = 0;
			shellPath = /bin/sh;
			shellScript = "\"${SRCROOT}/Pods/Target Support Files/Pods-ExampleCocoaPods/Pods-ExampleCocoaPods-frameworks.sh\"\n";
			showEnvVarsInLog = 0;
		};
		3365367E688D208442F57BAD /* [CP] Check Pods Manifest.lock */ = {
			isa = PBXShellScriptBuildPhase;
			buildActionMask = 2147483647;
			files = (
			);
			inputPaths = (
				"${PODS_PODFILE_DIR_PATH}/Podfile.lock",
				"${PODS_ROOT}/Manifest.lock",
			);
			name = "[CP] Check Pods Manifest.lock";
			outputPaths = (
				"$(DERIVED_FILE_DIR)/Pods-ExampleCocoaPods-checkManifestLockResult.txt",
			);
			runOnlyForDeploymentPostprocessing = 0;
			shellPath = /bin/sh;
			shellScript = "diff \"${PODS_PODFILE_DIR_PATH}/Podfile.lock\" \"${PODS_ROOT}/Manifest.lock\" > /dev/null\nif [ $? != 0 ] ; then\n    # print error to STDERR\n    echo \"error: The sandbox is not in sync with the Podfile.lock. Run 'pod install' or update your CocoaPods installation.\" >&2\n    exit 1\nfi\n# This output is used by Xcode 'outputs' to avoid re-running this script phase.\necho \"SUCCESS\" > \"${SCRIPT_OUTPUT_FILE_0}\"\n";
			showEnvVarsInLog = 0;
		};
/* End PBXShellScriptBuildPhase section */

/* Begin PBXSourcesBuildPhase section */
		0AA267D520B9A7FC00DC5B20 /* Sources */ = {
			isa = PBXSourcesBuildPhase;
			buildActionMask = 2147483647;
			files = (
				0AA267F120B9CBB700DC5B20 /* CommentsViewController.swift in Sources */,
				0AA267EF20B9B6DB00DC5B20 /* APIManager.swift in Sources */,
				0AA267F320B9CBCF00DC5B20 /* UsersViewController.swift in Sources */,
				0AA267DF20B9A7FC00DC5B20 /* ViewController.swift in Sources */,
				0AA267DD20B9A7FC00DC5B20 /* AppDelegate.swift in Sources */,
			);
			runOnlyForDeploymentPostprocessing = 0;
		};
/* End PBXSourcesBuildPhase section */

/* Begin PBXVariantGroup section */
		0AA267E020B9A7FC00DC5B20 /* Main.storyboard */ = {
			isa = PBXVariantGroup;
			children = (
				0AA267E120B9A7FC00DC5B20 /* Base */,
			);
			name = Main.storyboard;
			sourceTree = "<group>";
		};
		0AA267E520B9A7FD00DC5B20 /* LaunchScreen.storyboard */ = {
			isa = PBXVariantGroup;
			children = (
				0AA267E620B9A7FD00DC5B20 /* Base */,
			);
			name = LaunchScreen.storyboard;
			sourceTree = "<group>";
		};
/* End PBXVariantGroup section */

/* Begin XCBuildConfiguration section */
		0AA267E920B9A7FD00DC5B20 /* Debug */ = {
			isa = XCBuildConfiguration;
			buildSettings = {
				ALWAYS_SEARCH_USER_PATHS = NO;
				CLANG_ANALYZER_NONNULL = YES;
				CLANG_ANALYZER_NUMBER_OBJECT_CONVERSION = YES_AGGRESSIVE;
				CLANG_CXX_LANGUAGE_STANDARD = "gnu++14";
				CLANG_CXX_LIBRARY = "libc++";
				CLANG_ENABLE_MODULES = YES;
				CLANG_ENABLE_OBJC_ARC = YES;
				CLANG_ENABLE_OBJC_WEAK = YES;
				CLANG_WARN_BLOCK_CAPTURE_AUTORELEASING = YES;
				CLANG_WARN_BOOL_CONVERSION = YES;
				CLANG_WARN_COMMA = YES;
				CLANG_WARN_CONSTANT_CONVERSION = YES;
				CLANG_WARN_DEPRECATED_OBJC_IMPLEMENTATIONS = YES;
				CLANG_WARN_DIRECT_OBJC_ISA_USAGE = YES_ERROR;
				CLANG_WARN_DOCUMENTATION_COMMENTS = YES;
				CLANG_WARN_EMPTY_BODY = YES;
				CLANG_WARN_ENUM_CONVERSION = YES;
				CLANG_WARN_INFINITE_RECURSION = YES;
				CLANG_WARN_INT_CONVERSION = YES;
				CLANG_WARN_NON_LITERAL_NULL_CONVERSION = YES;
				CLANG_WARN_OBJC_IMPLICIT_RETAIN_SELF = YES;
				CLANG_WARN_OBJC_LITERAL_CONVERSION = YES;
				CLANG_WARN_OBJC_ROOT_CLASS = YES_ERROR;
				CLANG_WARN_RANGE_LOOP_ANALYSIS = YES;
				CLANG_WARN_STRICT_PROTOTYPES = YES;
				CLANG_WARN_SUSPICIOUS_MOVE = YES;
				CLANG_WARN_UNGUARDED_AVAILABILITY = YES_AGGRESSIVE;
				CLANG_WARN_UNREACHABLE_CODE = YES;
				CLANG_WARN__DUPLICATE_METHOD_MATCH = YES;
				CODE_SIGN_IDENTITY = "iPhone Developer";
				COPY_PHASE_STRIP = NO;
				DEBUG_INFORMATION_FORMAT = dwarf;
				ENABLE_STRICT_OBJC_MSGSEND = YES;
				ENABLE_TESTABILITY = YES;
				GCC_C_LANGUAGE_STANDARD = gnu11;
				GCC_DYNAMIC_NO_PIC = NO;
				GCC_NO_COMMON_BLOCKS = YES;
				GCC_OPTIMIZATION_LEVEL = 0;
				GCC_PREPROCESSOR_DEFINITIONS = (
					"DEBUG=1",
					"$(inherited)",
				);
				GCC_WARN_64_TO_32_BIT_CONVERSION = YES;
				GCC_WARN_ABOUT_RETURN_TYPE = YES_ERROR;
				GCC_WARN_UNDECLARED_SELECTOR = YES;
				GCC_WARN_UNINITIALIZED_AUTOS = YES_AGGRESSIVE;
				GCC_WARN_UNUSED_FUNCTION = YES;
				GCC_WARN_UNUSED_VARIABLE = YES;
				IPHONEOS_DEPLOYMENT_TARGET = 11.3;
				MTL_ENABLE_DEBUG_INFO = YES;
				ONLY_ACTIVE_ARCH = YES;
				SDKROOT = iphoneos;
				SWIFT_ACTIVE_COMPILATION_CONDITIONS = DEBUG;
				SWIFT_OPTIMIZATION_LEVEL = "-Onone";
			};
			name = Debug;
		};
		0AA267EA20B9A7FD00DC5B20 /* Release */ = {
			isa = XCBuildConfiguration;
			buildSettings = {
				ALWAYS_SEARCH_USER_PATHS = NO;
				CLANG_ANALYZER_NONNULL = YES;
				CLANG_ANALYZER_NUMBER_OBJECT_CONVERSION = YES_AGGRESSIVE;
				CLANG_CXX_LANGUAGE_STANDARD = "gnu++14";
				CLANG_CXX_LIBRARY = "libc++";
				CLANG_ENABLE_MODULES = YES;
				CLANG_ENABLE_OBJC_ARC = YES;
				CLANG_ENABLE_OBJC_WEAK = YES;
				CLANG_WARN_BLOCK_CAPTURE_AUTORELEASING = YES;
				CLANG_WARN_BOOL_CONVERSION = YES;
				CLANG_WARN_COMMA = YES;
				CLANG_WARN_CONSTANT_CONVERSION = YES;
				CLANG_WARN_DEPRECATED_OBJC_IMPLEMENTATIONS = YES;
				CLANG_WARN_DIRECT_OBJC_ISA_USAGE = YES_ERROR;
				CLANG_WARN_DOCUMENTATION_COMMENTS = YES;
				CLANG_WARN_EMPTY_BODY = YES;
				CLANG_WARN_ENUM_CONVERSION = YES;
				CLANG_WARN_INFINITE_RECURSION = YES;
				CLANG_WARN_INT_CONVERSION = YES;
				CLANG_WARN_NON_LITERAL_NULL_CONVERSION = YES;
				CLANG_WARN_OBJC_IMPLICIT_RETAIN_SELF = YES;
				CLANG_WARN_OBJC_LITERAL_CONVERSION = YES;
				CLANG_WARN_OBJC_ROOT_CLASS = YES_ERROR;
				CLANG_WARN_RANGE_LOOP_ANALYSIS = YES;
				CLANG_WARN_STRICT_PROTOTYPES = YES;
				CLANG_WARN_SUSPICIOUS_MOVE = YES;
				CLANG_WARN_UNGUARDED_AVAILABILITY = YES_AGGRESSIVE;
				CLANG_WARN_UNREACHABLE_CODE = YES;
				CLANG_WARN__DUPLICATE_METHOD_MATCH = YES;
				CODE_SIGN_IDENTITY = "iPhone Developer";
				COPY_PHASE_STRIP = NO;
				DEBUG_INFORMATION_FORMAT = "dwarf-with-dsym";
				ENABLE_NS_ASSERTIONS = NO;
				ENABLE_STRICT_OBJC_MSGSEND = YES;
				GCC_C_LANGUAGE_STANDARD = gnu11;
				GCC_NO_COMMON_BLOCKS = YES;
				GCC_WARN_64_TO_32_BIT_CONVERSION = YES;
				GCC_WARN_ABOUT_RETURN_TYPE = YES_ERROR;
				GCC_WARN_UNDECLARED_SELECTOR = YES;
				GCC_WARN_UNINITIALIZED_AUTOS = YES_AGGRESSIVE;
				GCC_WARN_UNUSED_FUNCTION = YES;
				GCC_WARN_UNUSED_VARIABLE = YES;
				IPHONEOS_DEPLOYMENT_TARGET = 11.3;
				MTL_ENABLE_DEBUG_INFO = NO;
				SDKROOT = iphoneos;
				SWIFT_COMPILATION_MODE = wholemodule;
				SWIFT_OPTIMIZATION_LEVEL = "-O";
				VALIDATE_PRODUCT = YES;
			};
			name = Release;
		};
		0AA267EC20B9A7FD00DC5B20 /* Debug */ = {
			isa = XCBuildConfiguration;
			baseConfigurationReference = 97AD307B97DB9C3DB071646B /* Pods-ExampleCocoaPods.debug.xcconfig */;
			buildSettings = {
				ASSETCATALOG_COMPILER_APPICON_NAME = AppIcon;
				CODE_SIGN_STYLE = Automatic;
				DEVELOPMENT_TEAM = EMFUVWTBJE;
				INFOPLIST_FILE = ExampleCocoaPods/Info.plist;
				LD_RUNPATH_SEARCH_PATHS = (
					"$(inherited)",
					"@executable_path/Frameworks",
				);
				PRODUCT_BUNDLE_IDENTIFIER = com.technicalPC.ExampleCocoaPods;
				PRODUCT_NAME = "$(TARGET_NAME)";
				SWIFT_VERSION = 4.0;
				TARGETED_DEVICE_FAMILY = "1,2";
			};
			name = Debug;
		};
		0AA267ED20B9A7FD00DC5B20 /* Release */ = {
			isa = XCBuildConfiguration;
			baseConfigurationReference = 4A3FF57002E31200DAD40272 /* Pods-ExampleCocoaPods.release.xcconfig */;
			buildSettings = {
				ASSETCATALOG_COMPILER_APPICON_NAME = AppIcon;
				CODE_SIGN_STYLE = Automatic;
				DEVELOPMENT_TEAM = EMFUVWTBJE;
				INFOPLIST_FILE = ExampleCocoaPods/Info.plist;
				LD_RUNPATH_SEARCH_PATHS = (
					"$(inherited)",
					"@executable_path/Frameworks",
				);
				PRODUCT_BUNDLE_IDENTIFIER = com.technicalPC.ExampleCocoaPods;
				PRODUCT_NAME = "$(TARGET_NAME)";
				SWIFT_VERSION = 4.0;
				TARGETED_DEVICE_FAMILY = "1,2";
			};
			name = Release;
		};
/* End XCBuildConfiguration section */

/* Begin XCConfigurationList section */
		0AA267D420B9A7FB00DC5B20 /* Build configuration list for PBXProject "ExampleCocoaPods" */ = {
			isa = XCConfigurationList;
			buildConfigurations = (
				0AA267E920B9A7FD00DC5B20 /* Debug */,
				0AA267EA20B9A7FD00DC5B20 /* Release */,
			);
			defaultConfigurationIsVisible = 0;
			defaultConfigurationName = Release;
		};
		0AA267EB20B9A7FD00DC5B20 /* Build configuration list for PBXNativeTarget "ExampleCocoaPods" */ = {
			isa = XCConfigurationList;
			buildConfigurations = (
				0AA267EC20B9A7FD00DC5B20 /* Debug */,
				0AA267ED20B9A7FD00DC5B20 /* Release */,
			);
			defaultConfigurationIsVisible = 0;
			defaultConfigurationName = Release;
		};
/* End XCConfigurationList section */
	};
	rootObject = 0AA267D120B9A7FB00DC5B20 /* Project object */;
}
